
Microsoft Visual Studio Solution File, Format Version 12.00
# Visual Studio Version 17
VisualStudioVersion = 17.4.33403.182
MinimumVisualStudioVersion = 10.0.40219.1
Project("{2150E333-8FDC-42A3-9474-1A3956D46DE8}") = "Enterprise Bussiness Rules", "Enterprise Bussiness Rules", "{2670D122-84CA-4372-AE58-DAE9AD0B226C}"
EndProject
Project("{9A19103F-16F7-4668-BE54-9A1E7A4F7556}") = "Entities", "Entities\Entities.csproj", "{E69A64E2-4989-4E9B-B4CB-33D2E7CBB92E}"
EndProject
Project("{2150E333-8FDC-42A3-9474-1A3956D46DE8}") = "Interface Adapters", "Interface Adapters", "{65E2941B-64A0-4118-9264-6A69DE74A4AC}"
EndProject
Project("{2150E333-8FDC-42A3-9474-1A3956D46DE8}") = "Gateways", "Gateways", "{58F7A53E-6F90-4ACD-9394-189B1DE6EDC9}"
EndProject
Project("{9A19103F-16F7-4668-BE54-9A1E7A4F7556}") = "RepositoriesEFCore", "RepositoriesEFCore\RepositoriesEFCore.csproj", "{84B1FC98-7884-4F0C-A684-34DCA8EAA236}"
EndProject
Project("{2150E333-8FDC-42A3-9474-1A3956D46DE8}") = "Aplication Bussiness Rules", "Aplication Bussiness Rules", "{D54F0892-FECD-4FDB-9F9B-447BA069BAC0}"
EndProject
Project("{9A19103F-16F7-4668-BE54-9A1E7A4F7556}") = "DTOs", "DTO's\DTOs.csproj", "{FDDD4EFA-FC3B-4BCE-A5E7-96A791161551}"
EndProject
Project("{9A19103F-16F7-4668-BE54-9A1E7A4F7556}") = "UsesCases", "UsesCases\UsesCases.csproj", "{E987F6DE-5FC3-4F10-A815-E0C87FE5F657}"
EndProject
Project("{2150E333-8FDC-42A3-9474-1A3956D46DE8}") = "Controllers", "Controllers", "{C9089E80-32D5-4E4D-923F-C54C68F86F1D}"
EndProject
Project("{9A19103F-16F7-4668-BE54-9A1E7A4F7556}") = "Controllers", "Controllers\Controllers.csproj", "{DB41281B-D794-451D-BC9D-4BD54BB98EFD}"
EndProject
Project("{2150E333-8FDC-42A3-9474-1A3956D46DE8}") = "Presenters", "Presenters", "{FDD59A16-1959-474D-8F58-07091C674257}"
EndProject
Project("{9A19103F-16F7-4668-BE54-9A1E7A4F7556}") = "Presenters", "presenters\Presenters.csproj", "{63C61EA2-8256-4B57-90BA-4767D9F783E1}"
EndProject
Project("{9A19103F-16F7-4668-BE54-9A1E7A4F7556}") = "Enums", "Enums\Enums.csproj", "{47153507-88F5-4F56-9022-01E1D37E12DF}"
EndProject
Project("{FAE04EC0-301F-11D3-BF4B-00C04F79EFBC}") = "ApiRest.IoC", "ApiRest.IoC\ApiRest.IoC.csproj", "{6B4C157E-699C-4D26-9C11-3106051B86BA}"
EndProject
Project("{FAE04EC0-301F-11D3-BF4B-00C04F79EFBC}") = "ApiRest", "ApiRest\ApiRest.csproj", "{1853E3CF-0375-4117-BBFC-A9B910C1FD66}"
EndProject
Global
	GlobalSection(SolutionConfigurationPlatforms) = preSolution
		Debug|Any CPU = Debug|Any CPU
		Release|Any CPU = Release|Any CPU
	EndGlobalSection
	GlobalSection(ProjectConfigurationPlatforms) = postSolution
		{E69A64E2-4989-4E9B-B4CB-33D2E7CBB92E}.Debug|Any CPU.ActiveCfg = Debug|Any CPU
		{E69A64E2-4989-4E9B-B4CB-33D2E7CBB92E}.Debug|Any CPU.Build.0 = Debug|Any CPU
		{E69A64E2-4989-4E9B-B4CB-33D2E7CBB92E}.Release|Any CPU.ActiveCfg = Release|Any CPU
		{E69A64E2-4989-4E9B-B4CB-33D2E7CBB92E}.Release|Any CPU.Build.0 = Release|Any CPU
		{84B1FC98-7884-4F0C-A684-34DCA8EAA236}.Debug|Any CPU.ActiveCfg = Debug|Any CPU
		{84B1FC98-7884-4F0C-A684-34DCA8EAA236}.Debug|Any CPU.Build.0 = Debug|Any CPU
		{84B1FC98-7884-4F0C-A684-34DCA8EAA236}.Release|Any CPU.ActiveCfg = Release|Any CPU
		{84B1FC98-7884-4F0C-A684-34DCA8EAA236}.Release|Any CPU.Build.0 = Release|Any CPU
		{FDDD4EFA-FC3B-4BCE-A5E7-96A791161551}.Debug|Any CPU.ActiveCfg = Debug|Any CPU
		{FDDD4EFA-FC3B-4BCE-A5E7-96A791161551}.Debug|Any CPU.Build.0 = Debug|Any CPU
		{FDDD4EFA-FC3B-4BCE-A5E7-96A791161551}.Release|Any CPU.ActiveCfg = Release|Any CPU
		{FDDD4EFA-FC3B-4BCE-A5E7-96A791161551}.Release|Any CPU.Build.0 = Release|Any CPU
		{E987F6DE-5FC3-4F10-A815-E0C87FE5F657}.Debug|Any CPU.ActiveCfg = Debug|Any CPU
		{E987F6DE-5FC3-4F10-A815-E0C87FE5F657}.Debug|Any CPU.Build.0 = Debug|Any CPU
		{E987F6DE-5FC3-4F10-A815-E0C87FE5F657}.Release|Any CPU.ActiveCfg = Release|Any CPU
		{E987F6DE-5FC3-4F10-A815-E0C87FE5F657}.Release|Any CPU.Build.0 = Release|Any CPU
		{DB41281B-D794-451D-BC9D-4BD54BB98EFD}.Debug|Any CPU.ActiveCfg = Debug|Any CPU
		{DB41281B-D794-451D-BC9D-4BD54BB98EFD}.Debug|Any CPU.Build.0 = Debug|Any CPU
		{DB41281B-D794-451D-BC9D-4BD54BB98EFD}.Release|Any CPU.ActiveCfg = Release|Any CPU
		{DB41281B-D794-451D-BC9D-4BD54BB98EFD}.Release|Any CPU.Build.0 = Release|Any CPU
		{63C61EA2-8256-4B57-90BA-4767D9F783E1}.Debug|Any CPU.ActiveCfg = Debug|Any CPU
		{63C61EA2-8256-4B57-90BA-4767D9F783E1}.Debug|Any CPU.Build.0 = Debug|Any CPU
		{63C61EA2-8256-4B57-90BA-4767D9F783E1}.Release|Any CPU.ActiveCfg = Release|Any CPU
		{63C61EA2-8256-4B57-90BA-4767D9F783E1}.Release|Any CPU.Build.0 = Release|Any CPU
		{47153507-88F5-4F56-9022-01E1D37E12DF}.Debug|Any CPU.ActiveCfg = Debug|Any CPU
		{47153507-88F5-4F56-9022-01E1D37E12DF}.Debug|Any CPU.Build.0 = Debug|Any CPU
		{47153507-88F5-4F56-9022-01E1D37E12DF}.Release|Any CPU.ActiveCfg = Release|Any CPU
		{47153507-88F5-4F56-9022-01E1D37E12DF}.Release|Any CPU.Build.0 = Release|Any CPU
		{6B4C157E-699C-4D26-9C11-3106051B86BA}.Debug|Any CPU.ActiveCfg = Debug|Any CPU
		{6B4C157E-699C-4D26-9C11-3106051B86BA}.Debug|Any CPU.Build.0 = Debug|Any CPU
		{6B4C157E-699C-4D26-9C11-3106051B86BA}.Release|Any CPU.ActiveCfg = Release|Any CPU
		{6B4C157E-699C-4D26-9C11-3106051B86BA}.Release|Any CPU.Build.0 = Release|Any CPU
		{1853E3CF-0375-4117-BBFC-A9B910C1FD66}.Debug|Any CPU.ActiveCfg = Debug|Any CPU
		{1853E3CF-0375-4117-BBFC-A9B910C1FD66}.Debug|Any CPU.Build.0 = Debug|Any CPU
		{1853E3CF-0375-4117-BBFC-A9B910C1FD66}.Release|Any CPU.ActiveCfg = Release|Any CPU
		{1853E3CF-0375-4117-BBFC-A9B910C1FD66}.Release|Any CPU.Build.0 = Release|Any CPU
	EndGlobalSection
	GlobalSection(SolutionProperties) = preSolution
		HideSolutionNode = FALSE
	EndGlobalSection
	GlobalSection(NestedProjects) = preSolution
		{E69A64E2-4989-4E9B-B4CB-33D2E7CBB92E} = {2670D122-84CA-4372-AE58-DAE9AD0B226C}
		{58F7A53E-6F90-4ACD-9394-189B1DE6EDC9} = {65E2941B-64A0-4118-9264-6A69DE74A4AC}
		{84B1FC98-7884-4F0C-A684-34DCA8EAA236} = {58F7A53E-6F90-4ACD-9394-189B1DE6EDC9}
		{FDDD4EFA-FC3B-4BCE-A5E7-96A791161551} = {D54F0892-FECD-4FDB-9F9B-447BA069BAC0}
		{E987F6DE-5FC3-4F10-A815-E0C87FE5F657} = {D54F0892-FECD-4FDB-9F9B-447BA069BAC0}
		{C9089E80-32D5-4E4D-923F-C54C68F86F1D} = {65E2941B-64A0-4118-9264-6A69DE74A4AC}
		{DB41281B-D794-451D-BC9D-4BD54BB98EFD} = {C9089E80-32D5-4E4D-923F-C54C68F86F1D}
		{FDD59A16-1959-474D-8F58-07091C674257} = {65E2941B-64A0-4118-9264-6A69DE74A4AC}
		{63C61EA2-8256-4B57-90BA-4767D9F783E1} = {FDD59A16-1959-474D-8F58-07091C674257}
		{47153507-88F5-4F56-9022-01E1D37E12DF} = {D54F0892-FECD-4FDB-9F9B-447BA069BAC0}
		{6B4C157E-699C-4D26-9C11-3106051B86BA} = {58F7A53E-6F90-4ACD-9394-189B1DE6EDC9}
	EndGlobalSection
	GlobalSection(ExtensibilityGlobals) = postSolution
		SolutionGuid = {A405E8FF-EF4E-4689-9F8E-F3AAEAB613FB}
	EndGlobalSection
EndGlobal
